
Microsoft Visual Studio Solution File, Format Version 12.00
# Visual Studio Version 17
VisualStudioVersion = 17.14.36408.4 d17.14
MinimumVisualStudioVersion = 10.0.40219.1
Project("{FAE04EC0-301F-11D3-BF4B-00C04F79EFBC}") = "OnlyMare", "OnlyMare.csproj", "{365C3EE2-9B58-E17D-38DE-A9B16179EC87}"
EndProject
Global
	GlobalSection(SolutionConfigurationPlatforms) = preSolution
		Debug|x64 = Debug|x64
		Release|x64 = Release|x64
	EndGlobalSection
	GlobalSection(ProjectConfigurationPlatforms) = postSolution
		{365C3EE2-9B58-E17D-38DE-A9B16179EC87}.Debug|x64.ActiveCfg = Debug|x64
		{365C3EE2-9B58-E17D-38DE-A9B16179EC87}.Debug|x64.Build.0 = Debug|x64
		{365C3EE2-9B58-E17D-38DE-A9B16179EC87}.Release|x64.ActiveCfg = Release|x64
		{365C3EE2-9B58-E17D-38DE-A9B16179EC87}.Release|x64.Build.0 = Release|x64
	EndGlobalSection
	GlobalSection(SolutionProperties) = preSolution
		HideSolutionNode = FALSE
	EndGlobalSection
	GlobalSection(ExtensibilityGlobals) = postSolution
		SolutionGuid = {B44731BC-2615-4214-A7EA-0441E758D521}
	EndGlobalSection
EndGlobal
